
Microsoft Visual Studio Solution File, Format Version 12.00
# Visual Studio Version 16
VisualStudioVersion = 16.0.29025.244
MinimumVisualStudioVersion = 10.0.40219.1
Project("{FAE04EC0-301F-11D3-BF4B-00C04F79EFBC}") = "CiclosFor", "CiclosFor\CiclosFor.csproj", "{A3A61840-6BE8-48C1-B7F6-D4523892608A}"
EndProject
Global
	GlobalSection(SolutionConfigurationPlatforms) = preSolution
		Debug|Any CPU = Debug|Any CPU
		Release|Any CPU = Release|Any CPU
	EndGlobalSection
	GlobalSection(ProjectConfigurationPlatforms) = postSolution
		{A3A61840-6BE8-48C1-B7F6-D4523892608A}.Debug|Any CPU.ActiveCfg = Debug|Any CPU
		{A3A61840-6BE8-48C1-B7F6-D4523892608A}.Debug|Any CPU.Build.0 = Debug|Any CPU
		{A3A61840-6BE8-48C1-B7F6-D4523892608A}.Release|Any CPU.ActiveCfg = Release|Any CPU
		{A3A61840-6BE8-48C1-B7F6-D4523892608A}.Release|Any CPU.Build.0 = Release|Any CPU
	EndGlobalSection
	GlobalSection(SolutionProperties) = preSolution
		HideSolutionNode = FALSE
	EndGlobalSection
	GlobalSection(ExtensibilityGlobals) = postSolution
		SolutionGuid = {A8252C68-9885-49E2-BDCE-AF4A35A218D3}
	EndGlobalSection
EndGlobal
